// !$*UTF8*$!
{
	archiveVersion = 1;
	classes = {
	};
	objectVersion = 50;
	objects = {

/* Begin PBXBuildFile section */
		B8193E5326199FEE00496980 /* AppDelegate.swift in Sources */ = {isa = PBXBuildFile; fileRef = B8193E5226199FEE00496980 /* AppDelegate.swift */; };
		B8193E5526199FEE00496980 /* GameScene.sks in Resources */ = {isa = PBXBuildFile; fileRef = B8193E5426199FEE00496980 /* GameScene.sks */; };
		B8193E5926199FEE00496980 /* GameScene.swift in Sources */ = {isa = PBXBuildFile; fileRef = B8193E5826199FEE00496980 /* GameScene.swift */; };
		B8193E5B26199FEE00496980 /* GameViewController.swift in Sources */ = {isa = PBXBuildFile; fileRef = B8193E5A26199FEE00496980 /* GameViewController.swift */; };
		B8193E5E26199FEE00496980 /* Main.storyboard in Resources */ = {isa = PBXBuildFile; fileRef = B8193E5C26199FEE00496980 /* Main.storyboard */; };
		B8193E6026199FEF00496980 /* Assets.xcassets in Resources */ = {isa = PBXBuildFile; fileRef = B8193E5F26199FEF00496980 /* Assets.xcassets */; };
		B8486B6F261AEBF700D08E3E /* PlayerCell.swift in Sources */ = {isa = PBXBuildFile; fileRef = B8486B6E261AEBF700D08E3E /* PlayerCell.swift */; };
		B894649E263B278300E2F33F /* SuccesViewController.swift in Sources */ = {isa = PBXBuildFile; fileRef = B894649D263B278300E2F33F /* SuccesViewController.swift */; };
		B89F6ED02639D881008D148A /* app_src_main_res_raw_theme (1).mp3 in Resources */ = {isa = PBXBuildFile; fileRef = B89F6ECF2639D880008D148A /* app_src_main_res_raw_theme (1).mp3 */; };
		B8ACEE8126387DE900FBD458 /* MyActions.sks in Resources */ = {isa = PBXBuildFile; fileRef = B8ACEE8026387DE900FBD458 /* MyActions.sks */; };
		B8B6395A261CBBBD009FBABA /* PlayerViewController.swift in Sources */ = {isa = PBXBuildFile; fileRef = B8B63959261CBBBD009FBABA /* PlayerViewController.swift */; };
		B8B63962261CCD96009FBABA /* LaunchScreen.storyboard in Resources */ = {isa = PBXBuildFile; fileRef = B8B63961261CCD96009FBABA /* LaunchScreen.storyboard */; };
		B8D08281262B3DA1009406E3 /* GameOverViewController.swift in Sources */ = {isa = PBXBuildFile; fileRef = B8D08280262B3DA1009406E3 /* GameOverViewController.swift */; };
		B8D08286262B4A67009406E3 /* AppNotification.swift in Sources */ = {isa = PBXBuildFile; fileRef = B8D08285262B4A67009406E3 /* AppNotification.swift */; };
		B8D9EFC8262AA6AE004A8974 /* HeartStackView.swift in Sources */ = {isa = PBXBuildFile; fileRef = B8D9EFC7262AA6AE004A8974 /* HeartStackView.swift */; };
		B8D9EFCD262AAFD9004A8974 /* ScoreLabel.swift in Sources */ = {isa = PBXBuildFile; fileRef = B8D9EFCC262AAFD9004A8974 /* ScoreLabel.swift */; };
/* End PBXBuildFile section */

/* Begin PBXFileReference section */
		B8193E4F26199FEE00496980 /* PlatformGame.app */ = {isa = PBXFileReference; explicitFileType = wrapper.application; includeInIndex = 0; path = PlatformGame.app; sourceTree = BUILT_PRODUCTS_DIR; };
		B8193E5226199FEE00496980 /* AppDelegate.swift */ = {isa = PBXFileReference; lastKnownFileType = sourcecode.swift; path = AppDelegate.swift; sourceTree = "<group>"; };
		B8193E5426199FEE00496980 /* GameScene.sks */ = {isa = PBXFileReference; lastKnownFileType = file.sks; path = GameScene.sks; sourceTree = "<group>"; };
		B8193E5826199FEE00496980 /* GameScene.swift */ = {isa = PBXFileReference; lastKnownFileType = sourcecode.swift; path = GameScene.swift; sourceTree = "<group>"; };
		B8193E5A26199FEE00496980 /* GameViewController.swift */ = {isa = PBXFileReference; lastKnownFileType = sourcecode.swift; path = GameViewController.swift; sourceTree = "<group>"; };
		B8193E5D26199FEE00496980 /* Base */ = {isa = PBXFileReference; lastKnownFileType = file.storyboard; name = Base; path = Base.lproj/Main.storyboard; sourceTree = "<group>"; };
		B8193E5F26199FEF00496980 /* Assets.xcassets */ = {isa = PBXFileReference; lastKnownFileType = folder.assetcatalog; path = Assets.xcassets; sourceTree = "<group>"; };
		B8193E6126199FEF00496980 /* Info.plist */ = {isa = PBXFileReference; lastKnownFileType = text.plist.xml; path = Info.plist; sourceTree = "<group>"; };
		B8486B6E261AEBF700D08E3E /* PlayerCell.swift */ = {isa = PBXFileReference; lastKnownFileType = sourcecode.swift; path = PlayerCell.swift; sourceTree = "<group>"; };
		B894649D263B278300E2F33F /* SuccesViewController.swift */ = {isa = PBXFileReference; lastKnownFileType = sourcecode.swift; path = SuccesViewController.swift; sourceTree = "<group>"; };
		B89F6ECF2639D880008D148A /* app_src_main_res_raw_theme (1).mp3 */ = {isa = PBXFileReference; lastKnownFileType = audio.mp3; name = "app_src_main_res_raw_theme (1).mp3"; path = "../../../../Music/Music/Media.localized/Unknown Artist/Unknown Album/app_src_main_res_raw_theme (1).mp3"; sourceTree = "<group>"; };
		B8ACEE8026387DE900FBD458 /* MyActions.sks */ = {isa = PBXFileReference; lastKnownFileType = file.sks; path = MyActions.sks; sourceTree = "<group>"; };
		B8B63959261CBBBD009FBABA /* PlayerViewController.swift */ = {isa = PBXFileReference; lastKnownFileType = sourcecode.swift; path = PlayerViewController.swift; sourceTree = "<group>"; };
		B8B63961261CCD96009FBABA /* LaunchScreen.storyboard */ = {isa = PBXFileReference; lastKnownFileType = file.storyboard; path = LaunchScreen.storyboard; sourceTree = "<group>"; };
		B8D08280262B3DA1009406E3 /* GameOverViewController.swift */ = {isa = PBXFileReference; lastKnownFileType = sourcecode.swift; path = GameOverViewController.swift; sourceTree = "<group>"; };
		B8D08285262B4A67009406E3 /* AppNotification.swift */ = {isa = PBXFileReference; lastKnownFileType = sourcecode.swift; path = AppNotification.swift; sourceTree = "<group>"; };
		B8D9EFC7262AA6AE004A8974 /* HeartStackView.swift */ = {isa = PBXFileReference; lastKnownFileType = sourcecode.swift; path = HeartStackView.swift; sourceTree = "<group>"; };
		B8D9EFCC262AAFD9004A8974 /* ScoreLabel.swift */ = {isa = PBXFileReference; lastKnownFileType = sourcecode.swift; path = ScoreLabel.swift; sourceTree = "<group>"; };
/* End PBXFileReference section */

/* Begin PBXFrameworksBuildPhase section */
		B8193E4C26199FEE00496980 /* Frameworks */ = {
			isa = PBXFrameworksBuildPhase;
			buildActionMask = 2147483647;
			files = (
			);
			runOnlyForDeploymentPostprocessing = 0;
		};
/* End PBXFrameworksBuildPhase section */

/* Begin PBXGroup section */
		B8193E4626199FEE00496980 = {
			isa = PBXGroup;
			children = (
				B8193E5126199FEE00496980 /* PlatformGame */,
				B8193E5026199FEE00496980 /* Products */,
			);
			sourceTree = "<group>";
		};
		B8193E5026199FEE00496980 /* Products */ = {
			isa = PBXGroup;
			children = (
				B8193E4F26199FEE00496980 /* PlatformGame.app */,
			);
			name = Products;
			sourceTree = "<group>";
		};
		B8193E5126199FEE00496980 /* PlatformGame */ = {
			isa = PBXGroup;
			children = (
				B8193E5226199FEE00496980 /* AppDelegate.swift */,
				B8193E5426199FEE00496980 /* GameScene.sks */,
				B8193E5A26199FEE00496980 /* GameViewController.swift */,
				B8B63959261CBBBD009FBABA /* PlayerViewController.swift */,
				B894649D263B278300E2F33F /* SuccesViewController.swift */,
				B8193E5826199FEE00496980 /* GameScene.swift */,
				B8ACEE8026387DE900FBD458 /* MyActions.sks */,
				B89F6ECF2639D880008D148A /* app_src_main_res_raw_theme (1).mp3 */,
				B8D9EFC7262AA6AE004A8974 /* HeartStackView.swift */,
				B8D08285262B4A67009406E3 /* AppNotification.swift */,
				B8B63961261CCD96009FBABA /* LaunchScreen.storyboard */,
				B8486B6E261AEBF700D08E3E /* PlayerCell.swift */,
				B8193E5C26199FEE00496980 /* Main.storyboard */,
				B8D08280262B3DA1009406E3 /* GameOverViewController.swift */,
				B8D9EFCC262AAFD9004A8974 /* ScoreLabel.swift */,
				B8193E5F26199FEF00496980 /* Assets.xcassets */,
				B8193E6126199FEF00496980 /* Info.plist */,
			);
			path = PlatformGame;
			sourceTree = "<group>";
		};
/* End PBXGroup section */

/* Begin PBXNativeTarget section */
		B8193E4E26199FEE00496980 /* PlatformGame */ = {
			isa = PBXNativeTarget;
			buildConfigurationList = B8193E7A26199FF000496980 /* Build configuration list for PBXNativeTarget "PlatformGame" */;
			buildPhases = (
				B8193E4B26199FEE00496980 /* Sources */,
				B8193E4C26199FEE00496980 /* Frameworks */,
				B8193E4D26199FEE00496980 /* Resources */,
			);
			buildRules = (
			);
			dependencies = (
			);
			name = PlatformGame;
			productName = BirdHelp;
			productReference = B8193E4F26199FEE00496980 /* PlatformGame.app */;
			productType = "com.apple.product-type.application";
		};
/* End PBXNativeTarget section */

/* Begin PBXProject section */
		B8193E4726199FEE00496980 /* Project object */ = {
			isa = PBXProject;
			attributes = {
				LastSwiftUpdateCheck = 1240;
				LastUpgradeCheck = 1240;
				TargetAttributes = {
					B8193E4E26199FEE00496980 = {
						CreatedOnToolsVersion = 12.4;
					};
				};
			};
			buildConfigurationList = B8193E4A26199FEE00496980 /* Build configuration list for PBXProject "PlatformGame" */;
			compatibilityVersion = "Xcode 9.3";
			developmentRegion = en;
			hasScannedForEncodings = 0;
			knownRegions = (
				en,
				Base,
			);
			mainGroup = B8193E4626199FEE00496980;
			productRefGroup = B8193E5026199FEE00496980 /* Products */;
			projectDirPath = "";
			projectRoot = "";
			targets = (
				B8193E4E26199FEE00496980 /* PlatformGame */,
			);
		};
/* End PBXProject section */

/* Begin PBXResourcesBuildPhase section */
		B8193E4D26199FEE00496980 /* Resources */ = {
			isa = PBXResourcesBuildPhase;
			buildActionMask = 2147483647;
			files = (
				B89F6ED02639D881008D148A /* app_src_main_res_raw_theme (1).mp3 in Resources */,
				B8ACEE8126387DE900FBD458 /* MyActions.sks in Resources */,
				B8193E5E26199FEE00496980 /* Main.storyboard in Resources */,
				B8193E5526199FEE00496980 /* GameScene.sks in Resources */,
				B8193E6026199FEF00496980 /* Assets.xcassets in Resources */,
				B8B63962261CCD96009FBABA /* LaunchScreen.storyboard in Resources */,
			);
			runOnlyForDeploymentPostprocessing = 0;
		};
/* End PBXResourcesBuildPhase section */

/* Begin PBXSourcesBuildPhase section */
		B8193E4B26199FEE00496980 /* Sources */ = {
			isa = PBXSourcesBuildPhase;
			buildActionMask = 2147483647;
			files = (
				B894649E263B278300E2F33F /* SuccesViewController.swift in Sources */,
				B8D9EFC8262AA6AE004A8974 /* HeartStackView.swift in Sources */,
				B8193E5926199FEE00496980 /* GameScene.swift in Sources */,
				B8D08286262B4A67009406E3 /* AppNotification.swift in Sources */,
				B8B6395A261CBBBD009FBABA /* PlayerViewController.swift in Sources */,
				B8D9EFCD262AAFD9004A8974 /* ScoreLabel.swift in Sources */,
				B8D08281262B3DA1009406E3 /* GameOverViewController.swift in Sources */,
				B8486B6F261AEBF700D08E3E /* PlayerCell.swift in Sources */,
				B8193E5B26199FEE00496980 /* GameViewController.swift in Sources */,
				B8193E5326199FEE00496980 /* AppDelegate.swift in Sources */,
			);
			runOnlyForDeploymentPostprocessing = 0;
		};
/* End PBXSourcesBuildPhase section */

/* Begin PBXVariantGroup section */
		B8193E5C26199FEE00496980 /* Main.storyboard */ = {
			isa = PBXVariantGroup;
			children = (
				B8193E5D26199FEE00496980 /* Base */,
			);
			name = Main.storyboard;
			sourceTree = "<group>";
		};
/* End PBXVariantGroup section */

/* Begin XCBuildConfiguration section */
		B8193E7826199FF000496980 /* Debug */ = {
			isa = XCBuildConfiguration;
			buildSettings = {
				ALWAYS_SEARCH_USER_PATHS = NO;
				CLANG_ANALYZER_NONNULL = YES;
				CLANG_ANALYZER_NUMBER_OBJECT_CONVERSION = YES_AGGRESSIVE;
				CLANG_CXX_LANGUAGE_STANDARD = "gnu++14";
				CLANG_CXX_LIBRARY = "libc++";
				CLANG_ENABLE_MODULES = YES;
				CLANG_ENABLE_OBJC_ARC = YES;
				CLANG_ENABLE_OBJC_WEAK = YES;
				CLANG_WARN_BLOCK_CAPTURE_AUTORELEASING = YES;
				CLANG_WARN_BOOL_CONVERSION = YES;
				CLANG_WARN_COMMA = YES;
				CLANG_WARN_CONSTANT_CONVERSION = YES;
				CLANG_WARN_DEPRECATED_OBJC_IMPLEMENTATIONS = YES;
				CLANG_WARN_DIRECT_OBJC_ISA_USAGE = YES_ERROR;
				CLANG_WARN_DOCUMENTATION_COMMENTS = YES;
				CLANG_WARN_EMPTY_BODY = YES;
				CLANG_WARN_ENUM_CONVERSION = YES;
				CLANG_WARN_INFINITE_RECURSION = YES;
				CLANG_WARN_INT_CONVERSION = YES;
				CLANG_WARN_NON_LITERAL_NULL_CONVERSION = YES;
				CLANG_WARN_OBJC_IMPLICIT_RETAIN_SELF = YES;
				CLANG_WARN_OBJC_LITERAL_CONVERSION = YES;
				CLANG_WARN_OBJC_ROOT_CLASS = YES_ERROR;
				CLANG_WARN_QUOTED_INCLUDE_IN_FRAMEWORK_HEADER = YES;
				CLANG_WARN_RANGE_LOOP_ANALYSIS = YES;
				CLANG_WARN_STRICT_PROTOTYPES = YES;
				CLANG_WARN_SUSPICIOUS_MOVE = YES;
				CLANG_WARN_UNGUARDED_AVAILABILITY = YES_AGGRESSIVE;
				CLANG_WARN_UNREACHABLE_CODE = YES;
				CLANG_WARN__DUPLICATE_METHOD_MATCH = YES;
				COPY_PHASE_STRIP = NO;
				DEBUG_INFORMATION_FORMAT = dwarf;
				ENABLE_STRICT_OBJC_MSGSEND = YES;
				ENABLE_TESTABILITY = YES;
				GCC_C_LANGUAGE_STANDARD = gnu11;
				GCC_DYNAMIC_NO_PIC = NO;
				GCC_NO_COMMON_BLOCKS = YES;
				GCC_OPTIMIZATION_LEVEL = 0;
				GCC_PREPROCESSOR_DEFINITIONS = (
					"DEBUG=1",
					"$(inherited)",
				);
				GCC_WARN_64_TO_32_BIT_CONVERSION = YES;
				GCC_WARN_ABOUT_RETURN_TYPE = YES_ERROR;
				GCC_WARN_UNDECLARED_SELECTOR = YES;
				GCC_WARN_UNINITIALIZED_AUTOS = YES_AGGRESSIVE;
				GCC_WARN_UNUSED_FUNCTION = YES;
				GCC_WARN_UNUSED_VARIABLE = YES;
				IPHONEOS_DEPLOYMENT_TARGET = 14.4;
				MTL_ENABLE_DEBUG_INFO = INCLUDE_SOURCE;
				MTL_FAST_MATH = YES;
				ONLY_ACTIVE_ARCH = YES;
				SDKROOT = iphoneos;
				SWIFT_ACTIVE_COMPILATION_CONDITIONS = DEBUG;
				SWIFT_OPTIMIZATION_LEVEL = "-Onone";
			};
			name = Debug;
		};
		B8193E7926199FF000496980 /* Release */ = {
			isa = XCBuildConfiguration;
			buildSettings = {
				ALWAYS_SEARCH_USER_PATHS = NO;
				CLANG_ANALYZER_NONNULL = YES;
				CLANG_ANALYZER_NUMBER_OBJECT_CONVERSION = YES_AGGRESSIVE;
				CLANG_CXX_LANGUAGE_STANDARD = "gnu++14";
				CLANG_CXX_LIBRARY = "libc++";
				CLANG_ENABLE_MODULES = YES;
				CLANG_ENABLE_OBJC_ARC = YES;
				CLANG_ENABLE_OBJC_WEAK = YES;
				CLANG_WARN_BLOCK_CAPTURE_AUTORELEASING = YES;
				CLANG_WARN_BOOL_CONVERSION = YES;
				CLANG_WARN_COMMA = YES;
				CLANG_WARN_CONSTANT_CONVERSION = YES;
				CLANG_WARN_DEPRECATED_OBJC_IMPLEMENTATIONS = YES;
				CLANG_WARN_DIRECT_OBJC_ISA_USAGE = YES_ERROR;
				CLANG_WARN_DOCUMENTATION_COMMENTS = YES;
				CLANG_WARN_EMPTY_BODY = YES;
				CLANG_WARN_ENUM_CONVERSION = YES;
				CLANG_WARN_INFINITE_RECURSION = YES;
				CLANG_WARN_INT_CONVERSION = YES;
				CLANG_WARN_NON_LITERAL_NULL_CONVERSION = YES;
				CLANG_WARN_OBJC_IMPLICIT_RETAIN_SELF = YES;
				CLANG_WARN_OBJC_LITERAL_CONVERSION = YES;
				CLANG_WARN_OBJC_ROOT_CLASS = YES_ERROR;
				CLANG_WARN_QUOTED_INCLUDE_IN_FRAMEWORK_HEADER = YES;
				CLANG_WARN_RANGE_LOOP_ANALYSIS = YES;
				CLANG_WARN_STRICT_PROTOTYPES = YES;
				CLANG_WARN_SUSPICIOUS_MOVE = YES;
				CLANG_WARN_UNGUARDED_AVAILABILITY = YES_AGGRESSIVE;
				CLANG_WARN_UNREACHABLE_CODE = YES;
				CLANG_WARN__DUPLICATE_METHOD_MATCH = YES;
				COPY_PHASE_STRIP = NO;
				DEBUG_INFORMATION_FORMAT = "dwarf-with-dsym";
				ENABLE_NS_ASSERTIONS = NO;
				ENABLE_STRICT_OBJC_MSGSEND = YES;
				GCC_C_LANGUAGE_STANDARD = gnu11;
				GCC_NO_COMMON_BLOCKS = YES;
				GCC_WARN_64_TO_32_BIT_CONVERSION = YES;
				GCC_WARN_ABOUT_RETURN_TYPE = YES_ERROR;
				GCC_WARN_UNDECLARED_SELECTOR = YES;
				GCC_WARN_UNINITIALIZED_AUTOS = YES_AGGRESSIVE;
				GCC_WARN_UNUSED_FUNCTION = YES;
				GCC_WARN_UNUSED_VARIABLE = YES;
				IPHONEOS_DEPLOYMENT_TARGET = 14.4;
				MTL_ENABLE_DEBUG_INFO = NO;
				MTL_FAST_MATH = YES;
				SDKROOT = iphoneos;
				SWIFT_COMPILATION_MODE = wholemodule;
				SWIFT_OPTIMIZATION_LEVEL = "-O";
				VALIDATE_PRODUCT = YES;
			};
			name = Release;
		};
		B8193E7B26199FF000496980 /* Debug */ = {
			isa = XCBuildConfiguration;
			buildSettings = {
				ASSETCATALOG_COMPILER_APPICON_NAME = AppIcon;
				ASSETCATALOG_COMPILER_GLOBAL_ACCENT_COLOR_NAME = AccentColor;
				CODE_SIGN_STYLE = Automatic;
				INFOPLIST_FILE = PlatformGame/Info.plist;
				LD_RUNPATH_SEARCH_PATHS = (
					"$(inherited)",
					"@executable_path/Frameworks",
				);
				PRODUCT_BUNDLE_IDENTIFIER = com.GregDono.PlatformGame;
				PRODUCT_NAME = "$(TARGET_NAME)";
				SWIFT_VERSION = 5.0;
				TARGETED_DEVICE_FAMILY = 1;
			};
			name = Debug;
		};
		B8193E7C26199FF000496980 /* Release */ = {
			isa = XCBuildConfiguration;
			buildSettings = {
				ASSETCATALOG_COMPILER_APPICON_NAME = AppIcon;
				ASSETCATALOG_COMPILER_GLOBAL_ACCENT_COLOR_NAME = AccentColor;
				CODE_SIGN_STYLE = Automatic;
				INFOPLIST_FILE = PlatformGame/Info.plist;
				LD_RUNPATH_SEARCH_PATHS = (
					"$(inherited)",
					"@executable_path/Frameworks",
				);
				PRODUCT_BUNDLE_IDENTIFIER = com.GregDono.PlatformGame;
				PRODUCT_NAME = "$(TARGET_NAME)";
				SWIFT_VERSION = 5.0;
				TARGETED_DEVICE_FAMILY = 1;
			};
			name = Release;
		};
/* End XCBuildConfiguration section */

/* Begin XCConfigurationList section */
		B8193E4A26199FEE00496980 /* Build configuration list for PBXProject "PlatformGame" */ = {
			isa = XCConfigurationList;
			buildConfigurations = (
				B8193E7826199FF000496980 /* Debug */,
				B8193E7926199FF000496980 /* Release */,
			);
			defaultConfigurationIsVisible = 0;
			defaultConfigurationName = Release;
		};
		B8193E7A26199FF000496980 /* Build configuration list for PBXNativeTarget "PlatformGame" */ = {
			isa = XCConfigurationList;
			buildConfigurations = (
				B8193E7B26199FF000496980 /* Debug */,
				B8193E7C26199FF000496980 /* Release */,
			);
			defaultConfigurationIsVisible = 0;
			defaultConfigurationName = Release;
		};
/* End XCConfigurationList section */
	};
	rootObject = B8193E4726199FEE00496980 /* Project object */;
}
